
Microsoft Visual Studio Solution File, Format Version 12.00
# Visual Studio Version 17
VisualStudioVersion = 17.11.35222.181
MinimumVisualStudioVersion = 10.0.40219.1
Project("{FAE04EC0-301F-11D3-BF4B-00C04F79EFBC}") = "SearchAndSort", "SearchAndSort.csproj", "{DA55C936-83E0-4037-8011-F78B800B3F27}"
EndProject
Global
	GlobalSection(SolutionConfigurationPlatforms) = preSolution
		Debug|Any CPU = Debug|Any CPU
		Release|Any CPU = Release|Any CPU
	EndGlobalSection
	GlobalSection(ProjectConfigurationPlatforms) = postSolution
		{DA55C936-83E0-4037-8011-F78B800B3F27}.Debug|Any CPU.ActiveCfg = Debug|Any CPU
		{DA55C936-83E0-4037-8011-F78B800B3F27}.Debug|Any CPU.Build.0 = Debug|Any CPU
		{DA55C936-83E0-4037-8011-F78B800B3F27}.Release|Any CPU.ActiveCfg = Release|Any CPU
		{DA55C936-83E0-4037-8011-F78B800B3F27}.Release|Any CPU.Build.0 = Release|Any CPU
	EndGlobalSection
	GlobalSection(SolutionProperties) = preSolution
		HideSolutionNode = FALSE
	EndGlobalSection
	GlobalSection(ExtensibilityGlobals) = postSolution
		SolutionGuid = {197C93D8-4AE1-412E-B7B6-EE8FEFF43691}
	EndGlobalSection
EndGlobal
